
Microsoft Visual Studio Solution File, Format Version 12.00
# Visual Studio 15
VisualStudioVersion = 15.0.27004.2002
MinimumVisualStudioVersion = 10.0.40219.1
Project("{FAE04EC0-301F-11D3-BF4B-00C04F79EFBC}") = "Assignment 1.3", "Assignment 1.3\Assignment 1.3.csproj", "{7D85F174-307E-4AE7-9064-E9FD71590F0C}"
EndProject
Global
	GlobalSection(SolutionConfigurationPlatforms) = preSolution
		Debug|Any CPU = Debug|Any CPU
		Release|Any CPU = Release|Any CPU
	EndGlobalSection
	GlobalSection(ProjectConfigurationPlatforms) = postSolution
		{7D85F174-307E-4AE7-9064-E9FD71590F0C}.Debug|Any CPU.ActiveCfg = Debug|Any CPU
		{7D85F174-307E-4AE7-9064-E9FD71590F0C}.Debug|Any CPU.Build.0 = Debug|Any CPU
		{7D85F174-307E-4AE7-9064-E9FD71590F0C}.Release|Any CPU.ActiveCfg = Release|Any CPU
		{7D85F174-307E-4AE7-9064-E9FD71590F0C}.Release|Any CPU.Build.0 = Release|Any CPU
	EndGlobalSection
	GlobalSection(SolutionProperties) = preSolution
		HideSolutionNode = FALSE
	EndGlobalSection
	GlobalSection(ExtensibilityGlobals) = postSolution
		SolutionGuid = {5E5C40DA-25EF-4F4C-92DB-AA513B4B6764}
	EndGlobalSection
EndGlobal
